PODS:
  - HGCircularSlider (2.0.0)

DEPENDENCIES:
  - HGCircularSlider (~> 2.0.0)

SPEC REPOS:
  https://github.com/cocoapods/specs.git:
    - HGCircularSlider

SPEC CHECKSUMS:
  HGCircularSlider: 92e2ee098c814709f455b8f46cd9008147f6a869

PODFILE CHECKSUM: 1c67000e66b3da663d0ef2796a19a20f6fdbbd91

COCOAPODS: 1.5.3
